{
  "version": 4,
  "terraform_version": "1.8.5",
  "serial": 6,
  "lineage": "bdecf0cc-a0b6-1388-a675-b1cba8f9e59a",
  "outputs": {},
  "resources": [
    {
      "module": "module.avm-res-network-bastionhost",
      "mode": "managed",
      "type": "azurerm_bastion_host",
      "name": "this",
      "provider": "provider[\"registry.terraform.io/hashicorp/azurerm\"]",
      "instances": [
        {
          "schema_version": 0,
          "attributes": {
            "copy_paste_enabled": true,
            "dns_name": "bst-642db9db-ff56-4c0b-8bbb-0267d5a0aa1d.bastion.azure.com",
            "file_copy_enabled": false,
            "id": "/subscriptions/05a4028e-14a9-4f7d-baf3-2629d5a430bc/resourceGroups/rg-route/providers/Microsoft.Network/bastionHosts/bh14132",
            "ip_configuration": [
              {
                "name": "pubipbastion",
                "public_ip_address_id": "/subscriptions/05a4028e-14a9-4f7d-baf3-2629d5a430bc/resourceGroups/rg-route/providers/Microsoft.Network/publicIPAddresses/pubipbastion",
                "subnet_id": "/subscriptions/05a4028e-14a9-4f7d-baf3-2629d5a430bc/resourceGroups/rg-route/providers/Microsoft.Network/virtualNetworks/forbastionhost/subnets/AzureBastionSubnet"
              }
            ],
            "ip_connect_enabled": false,
            "kerberos_enabled": false,
            "location": "eastus",
            "name": "bh14132",
            "resource_group_name": "rg-route",
            "scale_units": 2,
            "shareable_link_enabled": false,
            "sku": "Basic",
            "tags": null,
            "timeouts": null,
            "tunneling_enabled": false,
            "virtual_network_id": ""
          },
          "sensitive_attributes": [],
          "private": "eyJlMmJmYjczMC1lY2FhLTExZTYtOGY4OC0zNDM2M2JjN2M0YzAiOnsiY3JlYXRlIjoxODAwMDAwMDAwMDAwLCJkZWxldGUiOjE4MDAwMDAwMDAwMDAsInJlYWQiOjMwMDAwMDAwMDAwMCwidXBkYXRlIjoxODAwMDAwMDAwMDAwfX0="
        }
      ]
    },
    {
      "module": "module.avm-res-network-bastionhost",
      "mode": "managed",
      "type": "azurerm_resource_group_template_deployment",
      "name": "telemetry",
      "provider": "provider[\"registry.terraform.io/hashicorp/azurerm\"]",
      "instances": [
        {
          "index_key": 0,
          "schema_version": 0,
          "attributes": {
            "debug_level": "",
            "deployment_mode": "Incremental",
            "id": "/subscriptions/05a4028e-14a9-4f7d-baf3-2629d5a430bc/resourceGroups/rg-route/providers/Microsoft.Resources/deployments/46d3xgtf.res.avm-res-network-bastionhost.v0-3-0.12f8902a",
            "name": "46d3xgtf.res.avm-res-network-bastionhost.v0-3-0.12f8902a",
            "output_content": "{\"telemetry\":{\"type\":\"String\",\"value\":\"For more information, see https://aka.ms/avm/telemetry\"}}",
            "parameters_content": "{}",
            "resource_group_name": "rg-route",
            "tags": {},
            "template_content": "{\"$schema\":\"https://schema.management.azure.com/schemas/2019-04-01/deploymentTemplate.json#\",\"contentVersion\":\"1.0.0.0\",\"outputs\":{\"telemetry\":{\"type\":\"String\",\"value\":\"For more information, see https://aka.ms/avm/telemetry\"}},\"parameters\":{},\"resources\":[],\"variables\":{}}",
            "template_spec_version_id": "",
            "timeouts": null
          },
          "sensitive_attributes": [],
          "private": "eyJlMmJmYjczMC1lY2FhLTExZTYtOGY4OC0zNDM2M2JjN2M0YzAiOnsiY3JlYXRlIjoxMDgwMDAwMDAwMDAwMCwiZGVsZXRlIjoxMDgwMDAwMDAwMDAwMCwicmVhZCI6MzAwMDAwMDAwMDAwLCJ1cGRhdGUiOjEwODAwMDAwMDAwMDAwfX0=",
          "dependencies": [
            "module.avm-res-network-bastionhost.random_id.telem"
          ]
        }
      ]
    },
    {
      "module": "module.avm-res-network-bastionhost",
      "mode": "managed",
      "type": "random_id",
      "name": "telem",
      "provider": "provider[\"registry.terraform.io/hashicorp/random\"]",
      "instances": [
        {
          "index_key": 0,
          "schema_version": 0,
          "attributes": {
            "b64_std": "EviQKg==",
            "b64_url": "EviQKg",
            "byte_length": 4,
            "dec": "318279722",
            "hex": "12f8902a",
            "id": "EviQKg",
            "keepers": null,
            "prefix": null
          },
          "sensitive_attributes": []
        }
      ]
    }
  ],
  "check_results": [
    {
      "object_kind": "var",
      "config_addr": "module.avm-res-network-bastionhost.var.diagnostic_settings",
      "status": "unknown",
      "objects": [
        {
          "object_addr": "module.avm-res-network-bastionhost.var.diagnostic_settings",
          "status": "unknown"
        }
      ]
    },
    {
      "object_kind": "var",
      "config_addr": "module.avm-res-network-bastionhost.var.sku",
      "status": "pass",
      "objects": [
        {
          "object_addr": "module.avm-res-network-bastionhost.var.sku",
          "status": "pass"
        }
      ]
    },
    {
      "object_kind": "var",
      "config_addr": "module.avm-res-network-bastionhost.var.lock",
      "status": "unknown",
      "objects": [
        {
          "object_addr": "module.avm-res-network-bastionhost.var.lock",
          "status": "unknown"
        }
      ]
    }
  ]
}
