{
  "version": 4,
  "terraform_version": "1.8.5",
  "serial": 4,
  "lineage": "b62ad6e9-85e4-3a07-45eb-f083f5747b3e",
  "outputs": {},
  "resources": [
    {
      "module": "module.avm-res-network-routetable",
      "mode": "data",
      "type": "azurerm_client_config",
      "name": "telemetry",
      "provider": "provider[\"registry.terraform.io/hashicorp/azurerm\"]",
      "instances": [
        {
          "index_key": 0,
          "schema_version": 0,
          "attributes": {
            "client_id": "04b07795-8ddb-461a-bbee-02f9e1bf7b46",
            "id": "Y2xpZW50Q29uZmlncy9jbGllbnRJZD0wNGIwNzc5NS04ZGRiLTQ2MWEtYmJlZS0wMmY5ZTFiZjdiNDY7b2JqZWN0SWQ9YWM5ZDM1NjctNzg1ZS00MDUwLTgwNzYtZDYxZjIwZDZjZjBmO3N1YnNjcmlwdGlvbklkPTA1YTQwMjhlLTE0YTktNGY3ZC1iYWYzLTI2MjlkNWE0MzBiYzt0ZW5hbnRJZD1jM2FjNzQzNC0yYWFhLTRmZTAtODgxZC01MjI5YTFhYjI1ZTE=",
            "object_id": "ac9d3567-785e-4050-8076-d61f20d6cf0f",
            "subscription_id": "05a4028e-14a9-4f7d-baf3-2629d5a430bc",
            "tenant_id": "c3ac7434-2aaa-4fe0-881d-5229a1ab25e1",
            "timeouts": null
          },
          "sensitive_attributes": []
        }
      ]
    },
    {
      "module": "module.avm-res-network-routetable",
      "mode": "data",
      "type": "modtm_module_source",
      "name": "telemetry",
      "provider": "provider[\"registry.terraform.io/azure/modtm\"]",
      "instances": [
        {
          "index_key": 0,
          "schema_version": 0,
          "attributes": {
            "module_path": ".terraform/modules/avm-res-network-routetable",
            "module_source": "registry.terraform.io/Azure/avm-res-network-routetable/azurerm",
            "module_version": "0.2.2"
          },
          "sensitive_attributes": []
        }
      ]
    },
    {
      "module": "module.avm-res-network-routetable",
      "mode": "managed",
      "type": "azurerm_route_table",
      "name": "this",
      "provider": "provider[\"registry.terraform.io/hashicorp/azurerm\"]",
      "instances": [
        {
          "schema_version": 0,
          "attributes": {
            "bgp_route_propagation_enabled": false,
            "disable_bgp_route_propagation": true,
            "id": "/subscriptions/05a4028e-14a9-4f7d-baf3-2629d5a430bc/resourceGroups/rg-route/providers/Microsoft.Network/routeTables/rt14132",
            "location": "eastus",
            "name": "rt14132",
            "resource_group_name": "rg-route",
            "route": [],
            "subnets": [],
            "tags": null,
            "timeouts": null
          },
          "sensitive_attributes": [],
          "private": "eyJlMmJmYjczMC1lY2FhLTExZTYtOGY4OC0zNDM2M2JjN2M0YzAiOnsiY3JlYXRlIjoxODAwMDAwMDAwMDAwLCJkZWxldGUiOjE4MDAwMDAwMDAwMDAsInJlYWQiOjMwMDAwMDAwMDAwMCwidXBkYXRlIjoxODAwMDAwMDAwMDAwfX0="
        }
      ]
    },
    {
      "module": "module.avm-res-network-routetable",
      "mode": "managed",
      "type": "modtm_telemetry",
      "name": "telemetry",
      "provider": "provider[\"registry.terraform.io/azure/modtm\"]",
      "instances": [
        {
          "index_key": 0,
          "schema_version": 0,
          "attributes": {
            "endpoint": null,
            "ephemeral_number": null,
            "id": "cbece264-dac7-4859-82e7-560608b29ac3",
            "nonce": null,
            "tags": {
              "module_source": "registry.terraform.io/Azure/avm-res-network-routetable/azurerm",
              "module_version": "0.2.2",
              "random_id": "5ac7eb4a-6790-41be-3876-6d0e1f39a4f2",
              "subscription_id": "05a4028e-14a9-4f7d-baf3-2629d5a430bc",
              "tenant_id": "c3ac7434-2aaa-4fe0-881d-5229a1ab25e1"
            }
          },
          "sensitive_attributes": [],
          "dependencies": [
            "module.avm-res-network-routetable.data.azurerm_client_config.telemetry",
            "module.avm-res-network-routetable.data.modtm_module_source.telemetry",
            "module.avm-res-network-routetable.random_uuid.telemetry"
          ]
        }
      ]
    },
    {
      "module": "module.avm-res-network-routetable",
      "mode": "managed",
      "type": "random_uuid",
      "name": "telemetry",
      "provider": "provider[\"registry.terraform.io/hashicorp/random\"]",
      "instances": [
        {
          "index_key": 0,
          "schema_version": 0,
          "attributes": {
            "id": "5ac7eb4a-6790-41be-3876-6d0e1f39a4f2",
            "keepers": null,
            "result": "5ac7eb4a-6790-41be-3876-6d0e1f39a4f2"
          },
          "sensitive_attributes": []
        }
      ]
    }
  ],
  "check_results": [
    {
      "object_kind": "var",
      "config_addr": "module.avm-res-network-routetable.var.lock",
      "status": "unknown",
      "objects": [
        {
          "object_addr": "module.avm-res-network-routetable.var.lock",
          "status": "unknown"
        }
      ]
    },
    {
      "object_kind": "var",
      "config_addr": "module.avm-res-network-routetable.var.routes",
      "status": "unknown",
      "objects": [
        {
          "object_addr": "module.avm-res-network-routetable.var.routes",
          "status": "unknown"
        }
      ]
    },
    {
      "object_kind": "var",
      "config_addr": "module.avm-res-network-routetable.var.subnet_resource_ids",
      "status": "unknown",
      "objects": [
        {
          "object_addr": "module.avm-res-network-routetable.var.subnet_resource_ids",
          "status": "unknown"
        }
      ]
    }
  ]
}
