{
  "version": 4,
  "terraform_version": "1.8.5",
  "serial": 7,
  "lineage": "c69427f0-b14f-d617-751d-5d7042acdfe0",
  "outputs": {},
  "resources": [
    {
      "mode": "data",
      "type": "azurerm_lb",
      "name": "this",
      "provider": "provider[\"registry.terraform.io/hashicorp/azurerm\"]",
      "instances": [
        {
          "index_key": "pls1",
          "schema_version": 0,
          "attributes": {
            "frontend_ip_configuration": [
              {
                "id": "/subscriptions/05a4028e-14a9-4f7d-baf3-2629d5a430bc/resourceGroups/rg-route/providers/Microsoft.Network/loadBalancers/mttest002/frontendIPConfigurations/LoadBalancerFrontEnd",
                "name": "LoadBalancerFrontEnd",
                "private_ip_address": "10.0.0.4",
                "private_ip_address_allocation": "Dynamic",
                "private_ip_address_version": "IPv4",
                "public_ip_address_id": "",
                "subnet_id": "/subscriptions/05a4028e-14a9-4f7d-baf3-2629d5a430bc/resourceGroups/rg-route/providers/Microsoft.Network/virtualNetworks/forbastionhost/subnets/default",
                "zones": [
                  "2",
                  "3",
                  "1"
                ]
              }
            ],
            "id": "/subscriptions/05a4028e-14a9-4f7d-baf3-2629d5a430bc/resourceGroups/rg-route/providers/Microsoft.Network/loadBalancers/mttest002",
            "location": "eastus",
            "name": "mttest002",
            "private_ip_address": "10.0.0.4",
            "private_ip_addresses": [
              "10.0.0.4"
            ],
            "resource_group_name": "rg-route",
            "sku": "Standard",
            "tags": {},
            "timeouts": null
          },
          "sensitive_attributes": []
        }
      ]
    },
    {
      "mode": "data",
      "type": "azurerm_subnet",
      "name": "this",
      "provider": "provider[\"registry.terraform.io/hashicorp/azurerm\"]",
      "instances": [
        {
          "index_key": "pls1",
          "schema_version": 0,
          "attributes": {
            "address_prefix": "",
            "address_prefixes": [
              "10.0.0.0/24"
            ],
            "default_outbound_access_enabled": true,
            "enforce_private_link_endpoint_network_policies": false,
            "enforce_private_link_service_network_policies": true,
            "id": "/subscriptions/05a4028e-14a9-4f7d-baf3-2629d5a430bc/resourceGroups/rg-route/providers/Microsoft.Network/virtualNetworks/forbastionhost/subnets/default",
            "name": "default",
            "network_security_group_id": "",
            "private_endpoint_network_policies": "RouteTableEnabled",
            "private_endpoint_network_policies_enabled": false,
            "private_link_service_network_policies_enabled": false,
            "resource_group_name": "rg-route",
            "route_table_id": "",
            "service_endpoints": [],
            "timeouts": null,
            "virtual_network_name": "forbastionhost"
          },
          "sensitive_attributes": []
        }
      ]
    },
    {
      "mode": "managed",
      "type": "azurerm_private_link_service",
      "name": "this",
      "provider": "provider[\"registry.terraform.io/hashicorp/azurerm\"]",
      "instances": [
        {
          "index_key": "pls1",
          "schema_version": 0,
          "attributes": {
            "alias": "privatelinkservice.f9d8e910-712e-49c9-9b3d-8dd9cbdfe8f6.eastus.azure.privatelinkservice",
            "auto_approval_subscription_ids": null,
            "enable_proxy_protocol": false,
            "fqdns": null,
            "id": "/subscriptions/05a4028e-14a9-4f7d-baf3-2629d5a430bc/resourceGroups/rg-route/providers/Microsoft.Network/privateLinkServices/privatelinkservice",
            "load_balancer_frontend_ip_configuration_ids": [
              "/subscriptions/05a4028e-14a9-4f7d-baf3-2629d5a430bc/resourceGroups/rg-route/providers/Microsoft.Network/loadBalancers/mttest002/frontendIPConfigurations/LoadBalancerFrontEnd"
            ],
            "location": "eastus",
            "name": "privatelinkservice",
            "nat_ip_configuration": [
              {
                "name": "privatelinkservice_primary_pls_nat",
                "primary": true,
                "private_ip_address": "",
                "private_ip_address_version": "IPv4",
                "subnet_id": "/subscriptions/05a4028e-14a9-4f7d-baf3-2629d5a430bc/resourceGroups/rg-route/providers/Microsoft.Network/virtualNetworks/forbastionhost/subnets/default"
              }
            ],
            "resource_group_name": "rg-route",
            "tags": null,
            "timeouts": null,
            "visibility_subscription_ids": null
          },
          "sensitive_attributes": [],
          "private": "eyJlMmJmYjczMC1lY2FhLTExZTYtOGY4OC0zNDM2M2JjN2M0YzAiOnsiY3JlYXRlIjozNjAwMDAwMDAwMDAwLCJkZWxldGUiOjM2MDAwMDAwMDAwMDAsInJlYWQiOjMwMDAwMDAwMDAwMCwidXBkYXRlIjozNjAwMDAwMDAwMDAwfX0=",
          "dependencies": [
            "data.azurerm_lb.this",
            "data.azurerm_subnet.this"
          ]
        }
      ]
    }
  ],
  "check_results": null
}
