{
  "version": 4,
  "terraform_version": "1.8.5",
  "serial": 3,
  "lineage": "b6718963-d3ce-ff67-69b4-2325fe6ae314",
  "outputs": {},
  "resources": [
    {
      "mode": "data",
      "type": "azurerm_resource_group",
      "name": "this",
      "provider": "provider[\"registry.terraform.io/hashicorp/azurerm\"]",
      "instances": [
        {
          "schema_version": 0,
          "attributes": {
            "id": "/subscriptions/05a4028e-14a9-4f7d-baf3-2629d5a430bc/resourceGroups/rg-route",
            "location": "eastus",
            "managed_by": "",
            "name": "rg-route",
            "tags": {},
            "timeouts": null
          },
          "sensitive_attributes": []
        }
      ]
    },
    {
      "mode": "managed",
      "type": "azurerm_private_endpoint",
      "name": "this",
      "provider": "provider[\"registry.terraform.io/hashicorp/azurerm\"]",
      "instances": [
        {
          "index_key": "pe1",
          "schema_version": 0,
          "attributes": {
            "custom_dns_configs": [],
            "custom_network_interface_name": "",
            "id": "/subscriptions/05a4028e-14a9-4f7d-baf3-2629d5a430bc/resourceGroups/rg-route/providers/Microsoft.Network/privateEndpoints/private-endpoint-1",
            "ip_configuration": [],
            "location": "eastus",
            "name": "private-endpoint-1",
            "network_interface": [
              {
                "id": "/subscriptions/05a4028e-14a9-4f7d-baf3-2629d5a430bc/resourceGroups/rg-route/providers/Microsoft.Network/networkInterfaces/private-endpoint-1.nic.3363833c-fca7-46ec-8e53-adc86dac6ecf",
                "name": "private-endpoint-1.nic.3363833c-fca7-46ec-8e53-adc86dac6ecf"
              }
            ],
            "private_dns_zone_configs": [
              {
                "id": "/subscriptions/05a4028e-14a9-4f7d-baf3-2629d5a430bc/resourceGroups/rg-route/providers/Microsoft.Network/privateEndpoints/private-endpoint-1/privateDnsZoneGroups/my-private-dns-zone-group/privateDnsZoneConfigs/test.exapmle.com",
                "name": "test.exapmle.com",
                "private_dns_zone_id": "/subscriptions/05a4028e-14a9-4f7d-baf3-2629d5a430bc/resourceGroups/rg-route/providers/Microsoft.Network/privateDnsZones/test.exapmle.com",
                "record_sets": []
              }
            ],
            "private_dns_zone_group": [
              {
                "id": "/subscriptions/05a4028e-14a9-4f7d-baf3-2629d5a430bc/resourceGroups/rg-route/providers/Microsoft.Network/privateEndpoints/private-endpoint-1/privateDnsZoneGroups/my-private-dns-zone-group",
                "name": "my-private-dns-zone-group",
                "private_dns_zone_ids": [
                  "/subscriptions/05a4028e-14a9-4f7d-baf3-2629d5a430bc/resourceGroups/rg-route/providers/Microsoft.Network/privateDnsZones/test.exapmle.com"
                ]
              }
            ],
            "private_service_connection": [
              {
                "is_manual_connection": true,
                "name": "private-endpoint-1-psc",
                "private_connection_resource_alias": "",
                "private_connection_resource_id": "/subscriptions/05a4028e-14a9-4f7d-baf3-2629d5a430bc/resourceGroups/rg-route/providers/Microsoft.Storage/storageAccounts/stg1313",
                "private_ip_address": "10.0.0.6",
                "request_message": "Please approve this private endpoint connection.",
                "subresource_names": [
                  "blob"
                ]
              }
            ],
            "resource_group_name": "rg-route",
            "subnet_id": "/subscriptions/05a4028e-14a9-4f7d-baf3-2629d5a430bc/resourceGroups/rg-route/providers/Microsoft.Network/virtualNetworks/forbastionhost/subnets/default",
            "tags": {
              "Department": "IT",
              "Environment": "production",
              "Project": "PrivateEndpointDeployment"
            },
            "timeouts": null
          },
          "sensitive_attributes": [],
          "private": "eyJlMmJmYjczMC1lY2FhLTExZTYtOGY4OC0zNDM2M2JjN2M0YzAiOnsiY3JlYXRlIjozNjAwMDAwMDAwMDAwLCJkZWxldGUiOjM2MDAwMDAwMDAwMDAsInJlYWQiOjMwMDAwMDAwMDAwMCwidXBkYXRlIjozNjAwMDAwMDAwMDAwfX0=",
          "dependencies": [
            "data.azurerm_resource_group.this"
          ]
        }
      ]
    }
  ],
  "check_results": null
}
